
Microsoft Visual Studio Solution File, Format Version 12.00
# Visual Studio Version 17
VisualStudioVersion = 17.11.35312.102
MinimumVisualStudioVersion = 10.0.40219.1
Project("{2150E333-8FDC-42A3-9474-1A3956D46DE8}") = "02 - Application", "02 - Application", "{C717E3FA-B567-43C9-8E22-FD51F76FFBDA}"
EndProject
Project("{2150E333-8FDC-42A3-9474-1A3956D46DE8}") = "01 - Api", "01 - Api", "{80CDBD46-BF5B-4C79-B47D-AB746F1664BE}"
EndProject
Project("{2150E333-8FDC-42A3-9474-1A3956D46DE8}") = "03 - Domain", "03 - Domain", "{4E74C0CF-824A-4CBF-AED9-C51A7B0883BD}"
EndProject
Project("{2150E333-8FDC-42A3-9474-1A3956D46DE8}") = "04 - Infra", "04 - Infra", "{7F2B4D24-7011-4DAB-85E6-7469CD055925}"
EndProject
Project("{2150E333-8FDC-42A3-9474-1A3956D46DE8}") = "05 - Test", "05 - Test", "{448ED0BD-3954-4C89-BC83-E8F98A410C98}"
EndProject
Project("{E53339B2-1760-4266-BCC7-CA923CBCF16C}") = "docker-compose", "docker-compose.dcproj", "{F83BE127-7A9B-478C-9AA9-A00BE612C764}"
EndProject
Project("{FAE04EC0-301F-11D3-BF4B-00C04F79EFBC}") = "Fase03.Api", "Fase03.Api\Fase03.Api.csproj", "{70A44487-1C2F-4887-9594-A5A7C3A5DD39}"
EndProject
Project("{FAE04EC0-301F-11D3-BF4B-00C04F79EFBC}") = "Fase03.Application", "Fase03.Application\Fase03.Application.csproj", "{FF4CEE7E-64AC-4984-B18D-F9844132B72F}"
EndProject
Project("{FAE04EC0-301F-11D3-BF4B-00C04F79EFBC}") = "Fase03.Domain", "Fase03.Domain\Fase03.Domain.csproj", "{D3EAAF9A-8075-4AC5-96D6-9AFE59CB05C5}"
EndProject
Project("{FAE04EC0-301F-11D3-BF4B-00C04F79EFBC}") = "Fase03.Domain.Core", "Fase03.Domain.Core\Fase03.Domain.Core.csproj", "{F62C38D2-33B0-4C9A-B893-CE1093AFAF4B}"
EndProject
Project("{FAE04EC0-301F-11D3-BF4B-00C04F79EFBC}") = "Fase03.Infra.Data", "Fase03.Infra.Data\Fase03.Infra.Data.csproj", "{526785C5-1DFD-401D-A180-80EEAE9750C1}"
EndProject
Project("{FAE04EC0-301F-11D3-BF4B-00C04F79EFBC}") = "Fase03.Infra.IoC", "Fase03.Infra.IoC\Fase03.Infra.IoC.csproj", "{90AB7E9A-4748-40D7-B9E1-8AAC43E336F4}"
EndProject
Project("{FAE04EC0-301F-11D3-BF4B-00C04F79EFBC}") = "Fase03.Tests", "Fase03.Tests\Fase03.Tests.csproj", "{074CBEBC-A518-40F3-826C-9A7EAEA7A3A6}"
EndProject
Project("{FAE04EC0-301F-11D3-BF4B-00C04F79EFBC}") = "Fase03.IntegrationTests", "Fase03.IntegrationTests\Fase03.IntegrationTests.csproj", "{8E586A22-2F0A-4ABC-B98C-3E5E59575441}"
EndProject
Project("{FAE04EC0-301F-11D3-BF4B-00C04F79EFBC}") = "Fase03.Infra.Messages", "Fase03.Infra.Messages\Fase03.Infra.Messages.csproj", "{7BC2BF78-4C03-4135-9EA5-0850F7FE9720}"
EndProject
Global
	GlobalSection(SolutionConfigurationPlatforms) = preSolution
		Debug|Any CPU = Debug|Any CPU
		Release|Any CPU = Release|Any CPU
	EndGlobalSection
	GlobalSection(ProjectConfigurationPlatforms) = postSolution
		{F83BE127-7A9B-478C-9AA9-A00BE612C764}.Debug|Any CPU.ActiveCfg = Debug|Any CPU
		{F83BE127-7A9B-478C-9AA9-A00BE612C764}.Debug|Any CPU.Build.0 = Debug|Any CPU
		{F83BE127-7A9B-478C-9AA9-A00BE612C764}.Release|Any CPU.ActiveCfg = Release|Any CPU
		{F83BE127-7A9B-478C-9AA9-A00BE612C764}.Release|Any CPU.Build.0 = Release|Any CPU
		{70A44487-1C2F-4887-9594-A5A7C3A5DD39}.Debug|Any CPU.ActiveCfg = Debug|Any CPU
		{70A44487-1C2F-4887-9594-A5A7C3A5DD39}.Debug|Any CPU.Build.0 = Debug|Any CPU
		{70A44487-1C2F-4887-9594-A5A7C3A5DD39}.Release|Any CPU.ActiveCfg = Release|Any CPU
		{70A44487-1C2F-4887-9594-A5A7C3A5DD39}.Release|Any CPU.Build.0 = Release|Any CPU
		{FF4CEE7E-64AC-4984-B18D-F9844132B72F}.Debug|Any CPU.ActiveCfg = Debug|Any CPU
		{FF4CEE7E-64AC-4984-B18D-F9844132B72F}.Debug|Any CPU.Build.0 = Debug|Any CPU
		{FF4CEE7E-64AC-4984-B18D-F9844132B72F}.Release|Any CPU.ActiveCfg = Release|Any CPU
		{FF4CEE7E-64AC-4984-B18D-F9844132B72F}.Release|Any CPU.Build.0 = Release|Any CPU
		{D3EAAF9A-8075-4AC5-96D6-9AFE59CB05C5}.Debug|Any CPU.ActiveCfg = Debug|Any CPU
		{D3EAAF9A-8075-4AC5-96D6-9AFE59CB05C5}.Debug|Any CPU.Build.0 = Debug|Any CPU
		{D3EAAF9A-8075-4AC5-96D6-9AFE59CB05C5}.Release|Any CPU.ActiveCfg = Release|Any CPU
		{D3EAAF9A-8075-4AC5-96D6-9AFE59CB05C5}.Release|Any CPU.Build.0 = Release|Any CPU
		{F62C38D2-33B0-4C9A-B893-CE1093AFAF4B}.Debug|Any CPU.ActiveCfg = Debug|Any CPU
		{F62C38D2-33B0-4C9A-B893-CE1093AFAF4B}.Debug|Any CPU.Build.0 = Debug|Any CPU
		{F62C38D2-33B0-4C9A-B893-CE1093AFAF4B}.Release|Any CPU.ActiveCfg = Release|Any CPU
		{F62C38D2-33B0-4C9A-B893-CE1093AFAF4B}.Release|Any CPU.Build.0 = Release|Any CPU
		{526785C5-1DFD-401D-A180-80EEAE9750C1}.Debug|Any CPU.ActiveCfg = Debug|Any CPU
		{526785C5-1DFD-401D-A180-80EEAE9750C1}.Debug|Any CPU.Build.0 = Debug|Any CPU
		{526785C5-1DFD-401D-A180-80EEAE9750C1}.Release|Any CPU.ActiveCfg = Release|Any CPU
		{526785C5-1DFD-401D-A180-80EEAE9750C1}.Release|Any CPU.Build.0 = Release|Any CPU
		{90AB7E9A-4748-40D7-B9E1-8AAC43E336F4}.Debug|Any CPU.ActiveCfg = Debug|Any CPU
		{90AB7E9A-4748-40D7-B9E1-8AAC43E336F4}.Debug|Any CPU.Build.0 = Debug|Any CPU
		{90AB7E9A-4748-40D7-B9E1-8AAC43E336F4}.Release|Any CPU.ActiveCfg = Release|Any CPU
		{90AB7E9A-4748-40D7-B9E1-8AAC43E336F4}.Release|Any CPU.Build.0 = Release|Any CPU
		{074CBEBC-A518-40F3-826C-9A7EAEA7A3A6}.Debug|Any CPU.ActiveCfg = Debug|Any CPU
		{074CBEBC-A518-40F3-826C-9A7EAEA7A3A6}.Debug|Any CPU.Build.0 = Debug|Any CPU
		{074CBEBC-A518-40F3-826C-9A7EAEA7A3A6}.Release|Any CPU.ActiveCfg = Release|Any CPU
		{074CBEBC-A518-40F3-826C-9A7EAEA7A3A6}.Release|Any CPU.Build.0 = Release|Any CPU
		{8E586A22-2F0A-4ABC-B98C-3E5E59575441}.Debug|Any CPU.ActiveCfg = Debug|Any CPU
		{8E586A22-2F0A-4ABC-B98C-3E5E59575441}.Debug|Any CPU.Build.0 = Debug|Any CPU
		{8E586A22-2F0A-4ABC-B98C-3E5E59575441}.Release|Any CPU.ActiveCfg = Release|Any CPU
		{8E586A22-2F0A-4ABC-B98C-3E5E59575441}.Release|Any CPU.Build.0 = Release|Any CPU
		{7BC2BF78-4C03-4135-9EA5-0850F7FE9720}.Debug|Any CPU.ActiveCfg = Debug|Any CPU
		{7BC2BF78-4C03-4135-9EA5-0850F7FE9720}.Debug|Any CPU.Build.0 = Debug|Any CPU
		{7BC2BF78-4C03-4135-9EA5-0850F7FE9720}.Release|Any CPU.ActiveCfg = Release|Any CPU
		{7BC2BF78-4C03-4135-9EA5-0850F7FE9720}.Release|Any CPU.Build.0 = Release|Any CPU
	EndGlobalSection
	GlobalSection(SolutionProperties) = preSolution
		HideSolutionNode = FALSE
	EndGlobalSection
	GlobalSection(NestedProjects) = preSolution
		{70A44487-1C2F-4887-9594-A5A7C3A5DD39} = {80CDBD46-BF5B-4C79-B47D-AB746F1664BE}
		{FF4CEE7E-64AC-4984-B18D-F9844132B72F} = {C717E3FA-B567-43C9-8E22-FD51F76FFBDA}
		{D3EAAF9A-8075-4AC5-96D6-9AFE59CB05C5} = {4E74C0CF-824A-4CBF-AED9-C51A7B0883BD}
		{F62C38D2-33B0-4C9A-B893-CE1093AFAF4B} = {4E74C0CF-824A-4CBF-AED9-C51A7B0883BD}
		{526785C5-1DFD-401D-A180-80EEAE9750C1} = {7F2B4D24-7011-4DAB-85E6-7469CD055925}
		{90AB7E9A-4748-40D7-B9E1-8AAC43E336F4} = {7F2B4D24-7011-4DAB-85E6-7469CD055925}
		{074CBEBC-A518-40F3-826C-9A7EAEA7A3A6} = {448ED0BD-3954-4C89-BC83-E8F98A410C98}
		{8E586A22-2F0A-4ABC-B98C-3E5E59575441} = {448ED0BD-3954-4C89-BC83-E8F98A410C98}
		{7BC2BF78-4C03-4135-9EA5-0850F7FE9720} = {7F2B4D24-7011-4DAB-85E6-7469CD055925}
	EndGlobalSection
	GlobalSection(ExtensibilityGlobals) = postSolution
		SolutionGuid = {1D0A38F3-6D95-45DB-A47A-561154719CB7}
	EndGlobalSection
EndGlobal
